
Microsoft Visual Studio Solution File, Format Version 12.00
# Visual Studio 2012
Project("{FAE04EC0-301F-11D3-BF4B-00C04F79EFBC}") = "admindashboard", "admindashboard\admindashboard.csproj", "{BB71C3F4-05B6-41BF-BC2D-C60AD8846C05}"
EndProject
Global
	GlobalSection(SolutionConfigurationPlatforms) = preSolution
		Debug|Any CPU = Debug|Any CPU
		Release|Any CPU = Release|Any CPU
	EndGlobalSection
	GlobalSection(ProjectConfigurationPlatforms) = postSolution
		{BB71C3F4-05B6-41BF-BC2D-C60AD8846C05}.Debug|Any CPU.ActiveCfg = Debug|Any CPU
		{BB71C3F4-05B6-41BF-BC2D-C60AD8846C05}.Debug|Any CPU.Build.0 = Debug|Any CPU
		{BB71C3F4-05B6-41BF-BC2D-C60AD8846C05}.Release|Any CPU.ActiveCfg = Release|Any CPU
		{BB71C3F4-05B6-41BF-BC2D-C60AD8846C05}.Release|Any CPU.Build.0 = Release|Any CPU
	EndGlobalSection
	GlobalSection(SolutionProperties) = preSolution
		HideSolutionNode = FALSE
	EndGlobalSection
EndGlobal
